// !$*UTF8*$!
{
	archiveVersion = 1;
	classes = {
	};
	objectVersion = 50;
	objects = {

/* Begin PBXBuildFile section */
		CA1D233921B9F44A00BEDD82 /* AppDelegate.swift in Sources */ = {isa = PBXBuildFile; fileRef = CA1D233821B9F44A00BEDD82 /* AppDelegate.swift */; };
		CA1D233B21B9F44A00BEDD82 /* ViewController.swift in Sources */ = {isa = PBXBuildFile; fileRef = CA1D233A21B9F44A00BEDD82 /* ViewController.swift */; };
		CA1D233E21B9F44A00BEDD82 /* Main.storyboard in Resources */ = {isa = PBXBuildFile; fileRef = CA1D233C21B9F44A00BEDD82 /* Main.storyboard */; };
		CA1D234021B9F44D00BEDD82 /* Assets.xcassets in Resources */ = {isa = PBXBuildFile; fileRef = CA1D233F21B9F44D00BEDD82 /* Assets.xcassets */; };
		CA1D234321B9F44D00BEDD82 /* LaunchScreen.storyboard in Resources */ = {isa = PBXBuildFile; fileRef = CA1D234121B9F44D00BEDD82 /* LaunchScreen.storyboard */; };
		CA1D234B21BA03BA00BEDD82 /* BotaoComBorda.swift in Sources */ = {isa = PBXBuildFile; fileRef = CA1D234A21BA03BA00BEDD82 /* BotaoComBorda.swift */; };
/* End PBXBuildFile section */

/* Begin PBXFileReference section */
		CA1D233521B9F44A00BEDD82 /* QuizNight.app */ = {isa = PBXFileReference; explicitFileType = wrapper.application; includeInIndex = 0; path = QuizNight.app; sourceTree = BUILT_PRODUCTS_DIR; };
		CA1D233821B9F44A00BEDD82 /* AppDelegate.swift */ = {isa = PBXFileReference; lastKnownFileType = sourcecode.swift; path = AppDelegate.swift; sourceTree = "<group>"; };
		CA1D233A21B9F44A00BEDD82 /* ViewController.swift */ = {isa = PBXFileReference; lastKnownFileType = sourcecode.swift; path = ViewController.swift; sourceTree = "<group>"; };
		CA1D233D21B9F44A00BEDD82 /* Base */ = {isa = PBXFileReference; lastKnownFileType = file.storyboard; name = Base; path = Base.lproj/Main.storyboard; sourceTree = "<group>"; };
		CA1D233F21B9F44D00BEDD82 /* Assets.xcassets */ = {isa = PBXFileReference; lastKnownFileType = folder.assetcatalog; path = Assets.xcassets; sourceTree = "<group>"; };
		CA1D234221B9F44D00BEDD82 /* Base */ = {isa = PBXFileReference; lastKnownFileType = file.storyboard; name = Base; path = Base.lproj/LaunchScreen.storyboard; sourceTree = "<group>"; };
		CA1D234421B9F44D00BEDD82 /* Info.plist */ = {isa = PBXFileReference; lastKnownFileType = text.plist.xml; path = Info.plist; sourceTree = "<group>"; };
		CA1D234A21BA03BA00BEDD82 /* BotaoComBorda.swift */ = {isa = PBXFileReference; lastKnownFileType = sourcecode.swift; path = BotaoComBorda.swift; sourceTree = "<group>"; };
/* End PBXFileReference section */

/* Begin PBXFrameworksBuildPhase section */
		CA1D233221B9F44A00BEDD82 /* Frameworks */ = {
			isa = PBXFrameworksBuildPhase;
			buildActionMask = 2147483647;
			files = (
			);
			runOnlyForDeploymentPostprocessing = 0;
		};
/* End PBXFrameworksBuildPhase section */

/* Begin PBXGroup section */
		CA1D232C21B9F44A00BEDD82 = {
			isa = PBXGroup;
			children = (
				CA1D233721B9F44A00BEDD82 /* QuizNight */,
				CA1D233621B9F44A00BEDD82 /* Products */,
			);
			sourceTree = "<group>";
		};
		CA1D233621B9F44A00BEDD82 /* Products */ = {
			isa = PBXGroup;
			children = (
				CA1D233521B9F44A00BEDD82 /* QuizNight.app */,
			);
			name = Products;
			sourceTree = "<group>";
		};
		CA1D233721B9F44A00BEDD82 /* QuizNight */ = {
			isa = PBXGroup;
			children = (
				CA1D233821B9F44A00BEDD82 /* AppDelegate.swift */,
				CA1D233A21B9F44A00BEDD82 /* ViewController.swift */,
				CA1D233C21B9F44A00BEDD82 /* Main.storyboard */,
				CA1D233F21B9F44D00BEDD82 /* Assets.xcassets */,
				CA1D234121B9F44D00BEDD82 /* LaunchScreen.storyboard */,
				CA1D234421B9F44D00BEDD82 /* Info.plist */,
				CA1D234A21BA03BA00BEDD82 /* BotaoComBorda.swift */,
			);
			path = QuizNight;
			sourceTree = "<group>";
		};
/* End PBXGroup section */

/* Begin PBXNativeTarget section */
		CA1D233421B9F44A00BEDD82 /* QuizNight */ = {
			isa = PBXNativeTarget;
			buildConfigurationList = CA1D234721B9F44D00BEDD82 /* Build configuration list for PBXNativeTarget "QuizNight" */;
			buildPhases = (
				CA1D233121B9F44A00BEDD82 /* Sources */,
				CA1D233221B9F44A00BEDD82 /* Frameworks */,
				CA1D233321B9F44A00BEDD82 /* Resources */,
			);
			buildRules = (
			);
			dependencies = (
			);
			name = QuizNight;
			productName = QuizNight;
			productReference = CA1D233521B9F44A00BEDD82 /* QuizNight.app */;
			productType = "com.apple.product-type.application";
		};
/* End PBXNativeTarget section */

/* Begin PBXProject section */
		CA1D232D21B9F44A00BEDD82 /* Project object */ = {
			isa = PBXProject;
			attributes = {
				LastSwiftUpdateCheck = 1010;
				LastUpgradeCheck = 1010;
				ORGANIZATIONNAME = "BCS Automacao";
				TargetAttributes = {
					CA1D233421B9F44A00BEDD82 = {
						CreatedOnToolsVersion = 10.1;
					};
				};
			};
			buildConfigurationList = CA1D233021B9F44A00BEDD82 /* Build configuration list for PBXProject "QuizNight" */;
			compatibilityVersion = "Xcode 9.3";
			developmentRegion = en;
			hasScannedForEncodings = 0;
			knownRegions = (
				en,
				Base,
			);
			mainGroup = CA1D232C21B9F44A00BEDD82;
			productRefGroup = CA1D233621B9F44A00BEDD82 /* Products */;
			projectDirPath = "";
			projectRoot = "";
			targets = (
				CA1D233421B9F44A00BEDD82 /* QuizNight */,
			);
		};
/* End PBXProject section */

/* Begin PBXResourcesBuildPhase section */
		CA1D233321B9F44A00BEDD82 /* Resources */ = {
			isa = PBXResourcesBuildPhase;
			buildActionMask = 2147483647;
			files = (
				CA1D234321B9F44D00BEDD82 /* LaunchScreen.storyboard in Resources */,
				CA1D234021B9F44D00BEDD82 /* Assets.xcassets in Resources */,
				CA1D233E21B9F44A00BEDD82 /* Main.storyboard in Resources */,
			);
			runOnlyForDeploymentPostprocessing = 0;
		};
/* End PBXResourcesBuildPhase section */

/* Begin PBXSourcesBuildPhase section */
		CA1D233121B9F44A00BEDD82 /* Sources */ = {
			isa = PBXSourcesBuildPhase;
			buildActionMask = 2147483647;
			files = (
				CA1D234B21BA03BA00BEDD82 /* BotaoComBorda.swift in Sources */,
				CA1D233B21B9F44A00BEDD82 /* ViewController.swift in Sources */,
				CA1D233921B9F44A00BEDD82 /* AppDelegate.swift in Sources */,
			);
			runOnlyForDeploymentPostprocessing = 0;
		};
/* End PBXSourcesBuildPhase section */

/* Begin PBXVariantGroup section */
		CA1D233C21B9F44A00BEDD82 /* Main.storyboard */ = {
			isa = PBXVariantGroup;
			children = (
				CA1D233D21B9F44A00BEDD82 /* Base */,
			);
			name = Main.storyboard;
			sourceTree = "<group>";
		};
		CA1D234121B9F44D00BEDD82 /* LaunchScreen.storyboard */ = {
			isa = PBXVariantGroup;
			children = (
				CA1D234221B9F44D00BEDD82 /* Base */,
			);
			name = LaunchScreen.storyboard;
			sourceTree = "<group>";
		};
/* End PBXVariantGroup section */

/* Begin XCBuildConfiguration section */
		CA1D234521B9F44D00BEDD82 /* Debug */ = {
			isa = XCBuildConfiguration;
			buildSettings = {
				ALWAYS_SEARCH_USER_PATHS = NO;
				CLANG_ANALYZER_NONNULL = YES;
				CLANG_ANALYZER_NUMBER_OBJECT_CONVERSION = YES_AGGRESSIVE;
				CLANG_CXX_LANGUAGE_STANDARD = "gnu++14";
				CLANG_CXX_LIBRARY = "libc++";
				CLANG_ENABLE_MODULES = YES;
				CLANG_ENABLE_OBJC_ARC = YES;
				CLANG_ENABLE_OBJC_WEAK = YES;
				CLANG_WARN_BLOCK_CAPTURE_AUTORELEASING = YES;
				CLANG_WARN_BOOL_CONVERSION = YES;
				CLANG_WARN_COMMA = YES;
				CLANG_WARN_CONSTANT_CONVERSION = YES;
				CLANG_WARN_DEPRECATED_OBJC_IMPLEMENTATIONS = YES;
				CLANG_WARN_DIRECT_OBJC_ISA_USAGE = YES_ERROR;
				CLANG_WARN_DOCUMENTATION_COMMENTS = YES;
				CLANG_WARN_EMPTY_BODY = YES;
				CLANG_WARN_ENUM_CONVERSION = YES;
				CLANG_WARN_INFINITE_RECURSION = YES;
				CLANG_WARN_INT_CONVERSION = YES;
				CLANG_WARN_NON_LITERAL_NULL_CONVERSION = YES;
				CLANG_WARN_OBJC_IMPLICIT_RETAIN_SELF = YES;
				CLANG_WARN_OBJC_LITERAL_CONVERSION = YES;
				CLANG_WARN_OBJC_ROOT_CLASS = YES_ERROR;
				CLANG_WARN_RANGE_LOOP_ANALYSIS = YES;
				CLANG_WARN_STRICT_PROTOTYPES = YES;
				CLANG_WARN_SUSPICIOUS_MOVE = YES;
				CLANG_WARN_UNGUARDED_AVAILABILITY = YES_AGGRESSIVE;
				CLANG_WARN_UNREACHABLE_CODE = YES;
				CLANG_WARN__DUPLICATE_METHOD_MATCH = YES;
				CODE_SIGN_IDENTITY = "iPhone Developer";
				COPY_PHASE_STRIP = NO;
				DEBUG_INFORMATION_FORMAT = dwarf;
				ENABLE_STRICT_OBJC_MSGSEND = YES;
				ENABLE_TESTABILITY = YES;
				GCC_C_LANGUAGE_STANDARD = gnu11;
				GCC_DYNAMIC_NO_PIC = NO;
				GCC_NO_COMMON_BLOCKS = YES;
				GCC_OPTIMIZATION_LEVEL = 0;
				GCC_PREPROCESSOR_DEFINITIONS = (
					"DEBUG=1",
					"$(inherited)",
				);
				GCC_WARN_64_TO_32_BIT_CONVERSION = YES;
				GCC_WARN_ABOUT_RETURN_TYPE = YES_ERROR;
				GCC_WARN_UNDECLARED_SELECTOR = YES;
				GCC_WARN_UNINITIALIZED_AUTOS = YES_AGGRESSIVE;
				GCC_WARN_UNUSED_FUNCTION = YES;
				GCC_WARN_UNUSED_VARIABLE = YES;
				IPHONEOS_DEPLOYMENT_TARGET = 12.1;
				MTL_ENABLE_DEBUG_INFO = INCLUDE_SOURCE;
				MTL_FAST_MATH = YES;
				ONLY_ACTIVE_ARCH = YES;
				SDKROOT = iphoneos;
				SWIFT_ACTIVE_COMPILATION_CONDITIONS = DEBUG;
				SWIFT_OPTIMIZATION_LEVEL = "-Onone";
			};
			name = Debug;
		};
		CA1D234621B9F44D00BEDD82 /* Release */ = {
			isa = XCBuildConfiguration;
			buildSettings = {
				ALWAYS_SEARCH_USER_PATHS = NO;
				CLANG_ANALYZER_NONNULL = YES;
				CLANG_ANALYZER_NUMBER_OBJECT_CONVERSION = YES_AGGRESSIVE;
				CLANG_CXX_LANGUAGE_STANDARD = "gnu++14";
				CLANG_CXX_LIBRARY = "libc++";
				CLANG_ENABLE_MODULES = YES;
				CLANG_ENABLE_OBJC_ARC = YES;
				CLANG_ENABLE_OBJC_WEAK = YES;
				CLANG_WARN_BLOCK_CAPTURE_AUTORELEASING = YES;
				CLANG_WARN_BOOL_CONVERSION = YES;
				CLANG_WARN_COMMA = YES;
				CLANG_WARN_CONSTANT_CONVERSION = YES;
				CLANG_WARN_DEPRECATED_OBJC_IMPLEMENTATIONS = YES;
				CLANG_WARN_DIRECT_OBJC_ISA_USAGE = YES_ERROR;
				CLANG_WARN_DOCUMENTATION_COMMENTS = YES;
				CLANG_WARN_EMPTY_BODY = YES;
				CLANG_WARN_ENUM_CONVERSION = YES;
				CLANG_WARN_INFINITE_RECURSION = YES;
				CLANG_WARN_INT_CONVERSION = YES;
				CLANG_WARN_NON_LITERAL_NULL_CONVERSION = YES;
				CLANG_WARN_OBJC_IMPLICIT_RETAIN_SELF = YES;
				CLANG_WARN_OBJC_LITERAL_CONVERSION = YES;
				CLANG_WARN_OBJC_ROOT_CLASS = YES_ERROR;
				CLANG_WARN_RANGE_LOOP_ANALYSIS = YES;
				CLANG_WARN_STRICT_PROTOTYPES = YES;
				CLANG_WARN_SUSPICIOUS_MOVE = YES;
				CLANG_WARN_UNGUARDED_AVAILABILITY = YES_AGGRESSIVE;
				CLANG_WARN_UNREACHABLE_CODE = YES;
				CLANG_WARN__DUPLICATE_METHOD_MATCH = YES;
				CODE_SIGN_IDENTITY = "iPhone Developer";
				COPY_PHASE_STRIP = NO;
				DEBUG_INFORMATION_FORMAT = "dwarf-with-dsym";
				ENABLE_NS_ASSERTIONS = NO;
				ENABLE_STRICT_OBJC_MSGSEND = YES;
				GCC_C_LANGUAGE_STANDARD = gnu11;
				GCC_NO_COMMON_BLOCKS = YES;
				GCC_WARN_64_TO_32_BIT_CONVERSION = YES;
				GCC_WARN_ABOUT_RETURN_TYPE = YES_ERROR;
				GCC_WARN_UNDECLARED_SELECTOR = YES;
				GCC_WARN_UNINITIALIZED_AUTOS = YES_AGGRESSIVE;
				GCC_WARN_UNUSED_FUNCTION = YES;
				GCC_WARN_UNUSED_VARIABLE = YES;
				IPHONEOS_DEPLOYMENT_TARGET = 12.1;
				MTL_ENABLE_DEBUG_INFO = NO;
				MTL_FAST_MATH = YES;
				SDKROOT = iphoneos;
				SWIFT_COMPILATION_MODE = wholemodule;
				SWIFT_OPTIMIZATION_LEVEL = "-O";
				VALIDATE_PRODUCT = YES;
			};
			name = Release;
		};
		CA1D234821B9F44D00BEDD82 /* Debug */ = {
			isa = XCBuildConfiguration;
			buildSettings = {
				ASSETCATALOG_COMPILER_APPICON_NAME = AppIcon;
				CODE_SIGN_STYLE = Automatic;
				DEVELOPMENT_TEAM = M79NL22BM6;
				INFOPLIST_FILE = QuizNight/Info.plist;
				LD_RUNPATH_SEARCH_PATHS = (
					"$(inherited)",
					"@executable_path/Frameworks",
				);
				PRODUCT_BUNDLE_IDENTIFIER = com.bcsautomacao.QuizNight;
				PRODUCT_NAME = "$(TARGET_NAME)";
				SWIFT_VERSION = 4.2;
				TARGETED_DEVICE_FAMILY = "1,2";
			};
			name = Debug;
		};
		CA1D234921B9F44D00BEDD82 /* Release */ = {
			isa = XCBuildConfiguration;
			buildSettings = {
				ASSETCATALOG_COMPILER_APPICON_NAME = AppIcon;
				CODE_SIGN_STYLE = Automatic;
				DEVELOPMENT_TEAM = M79NL22BM6;
				INFOPLIST_FILE = QuizNight/Info.plist;
				LD_RUNPATH_SEARCH_PATHS = (
					"$(inherited)",
					"@executable_path/Frameworks",
				);
				PRODUCT_BUNDLE_IDENTIFIER = com.bcsautomacao.QuizNight;
				PRODUCT_NAME = "$(TARGET_NAME)";
				SWIFT_VERSION = 4.2;
				TARGETED_DEVICE_FAMILY = "1,2";
			};
			name = Release;
		};
/* End XCBuildConfiguration section */

/* Begin XCConfigurationList section */
		CA1D233021B9F44A00BEDD82 /* Build configuration list for PBXProject "QuizNight" */ = {
			isa = XCConfigurationList;
			buildConfigurations = (
				CA1D234521B9F44D00BEDD82 /* Debug */,
				CA1D234621B9F44D00BEDD82 /* Release */,
			);
			defaultConfigurationIsVisible = 0;
			defaultConfigurationName = Release;
		};
		CA1D234721B9F44D00BEDD82 /* Build configuration list for PBXNativeTarget "QuizNight" */ = {
			isa = XCConfigurationList;
			buildConfigurations = (
				CA1D234821B9F44D00BEDD82 /* Debug */,
				CA1D234921B9F44D00BEDD82 /* Release */,
			);
			defaultConfigurationIsVisible = 0;
			defaultConfigurationName = Release;
		};
/* End XCConfigurationList section */
	};
	rootObject = CA1D232D21B9F44A00BEDD82 /* Project object */;
}
